
Microsoft Visual Studio Solution File, Format Version 12.00
# Visual Studio Version 17
VisualStudioVersion = 17.3.32929.385
MinimumVisualStudioVersion = 10.0.40219.1
Project("{FAE04EC0-301F-11D3-BF4B-00C04F79EFBC}") = "SistemaDivisasConsumerAPI", "SistemaDivisasConsumerAPI\SistemaDivisasConsumerAPI.csproj", "{DC8F5873-BA1B-4BD3-8012-A0CE56EDD327}"
EndProject
Global
	GlobalSection(SolutionConfigurationPlatforms) = preSolution
		Debug|Any CPU = Debug|Any CPU
		Release|Any CPU = Release|Any CPU
	EndGlobalSection
	GlobalSection(ProjectConfigurationPlatforms) = postSolution
		{DC8F5873-BA1B-4BD3-8012-A0CE56EDD327}.Debug|Any CPU.ActiveCfg = Debug|Any CPU
		{DC8F5873-BA1B-4BD3-8012-A0CE56EDD327}.Debug|Any CPU.Build.0 = Debug|Any CPU
		{DC8F5873-BA1B-4BD3-8012-A0CE56EDD327}.Release|Any CPU.ActiveCfg = Release|Any CPU
		{DC8F5873-BA1B-4BD3-8012-A0CE56EDD327}.Release|Any CPU.Build.0 = Release|Any CPU
	EndGlobalSection
	GlobalSection(SolutionProperties) = preSolution
		HideSolutionNode = FALSE
	EndGlobalSection
	GlobalSection(ExtensibilityGlobals) = postSolution
		SolutionGuid = {6E96D654-6591-47FD-B342-30C86A46C726}
	EndGlobalSection
EndGlobal
